// !$*UTF8*$!
{
	archiveVersion = 1;
	classes = {
	};
	objectVersion = 48;
	objects = {

/* Begin PBXBuildFile section */
		81244AAE20311E1E00BF7CCB /* AppDelegate.swift in Sources */ = {isa = PBXBuildFile; fileRef = 81244AAD20311E1E00BF7CCB /* AppDelegate.swift */; };
		81244AB020311E1E00BF7CCB /* ObjectIdentifierCameraViewController.swift in Sources */ = {isa = PBXBuildFile; fileRef = 81244AAF20311E1E00BF7CCB /* ObjectIdentifierCameraViewController.swift */; };
		81244AB320311E1E00BF7CCB /* Main.storyboard in Resources */ = {isa = PBXBuildFile; fileRef = 81244AB120311E1E00BF7CCB /* Main.storyboard */; };
		81244AB520311E1E00BF7CCB /* Assets.xcassets in Resources */ = {isa = PBXBuildFile; fileRef = 81244AB420311E1E00BF7CCB /* Assets.xcassets */; };
		81244AB820311E1E00BF7CCB /* LaunchScreen.storyboard in Resources */ = {isa = PBXBuildFile; fileRef = 81244AB620311E1E00BF7CCB /* LaunchScreen.storyboard */; };
		81244AC320311E1E00BF7CCB /* Visualize_and_MemorizeTests.swift in Sources */ = {isa = PBXBuildFile; fileRef = 81244AC220311E1E00BF7CCB /* Visualize_and_MemorizeTests.swift */; };
		81244ACE20311E1E00BF7CCB /* Visualize_and_MemorizeUITests.swift in Sources */ = {isa = PBXBuildFile; fileRef = 81244ACD20311E1E00BF7CCB /* Visualize_and_MemorizeUITests.swift */; };
		81244ADD2031263F00BF7CCB /* Resnet50.mlmodel in Sources */ = {isa = PBXBuildFile; fileRef = 81244ADC2031263F00BF7CCB /* Resnet50.mlmodel */; };
		8126A8A120424B6B0090378C /* RoundButton.swift in Sources */ = {isa = PBXBuildFile; fileRef = 8126A8A020424B6B0090378C /* RoundButton.swift */; };
		8126A8A32042761F0090378C /* HomeTableViewController.swift in Sources */ = {isa = PBXBuildFile; fileRef = 8126A8A22042761F0090378C /* HomeTableViewController.swift */; };
		8126A8A520427A9E0090378C /* HomeTableViewCell.swift in Sources */ = {isa = PBXBuildFile; fileRef = 8126A8A420427A9E0090378C /* HomeTableViewCell.swift */; };
/* End PBXBuildFile section */

/* Begin PBXContainerItemProxy section */
		81244ABF20311E1E00BF7CCB /* PBXContainerItemProxy */ = {
			isa = PBXContainerItemProxy;
			containerPortal = 81244AA220311E1E00BF7CCB /* Project object */;
			proxyType = 1;
			remoteGlobalIDString = 81244AA920311E1E00BF7CCB;
			remoteInfo = "Visualize and Memorize";
		};
		81244ACA20311E1E00BF7CCB /* PBXContainerItemProxy */ = {
			isa = PBXContainerItemProxy;
			containerPortal = 81244AA220311E1E00BF7CCB /* Project object */;
			proxyType = 1;
			remoteGlobalIDString = 81244AA920311E1E00BF7CCB;
			remoteInfo = "Visualize and Memorize";
		};
/* End PBXContainerItemProxy section */

/* Begin PBXFileReference section */
		81244AAA20311E1E00BF7CCB /* Visualize and Memorize.app */ = {isa = PBXFileReference; explicitFileType = wrapper.application; includeInIndex = 0; path = "Visualize and Memorize.app"; sourceTree = BUILT_PRODUCTS_DIR; };
		81244AAD20311E1E00BF7CCB /* AppDelegate.swift */ = {isa = PBXFileReference; lastKnownFileType = sourcecode.swift; path = AppDelegate.swift; sourceTree = "<group>"; };
		81244AAF20311E1E00BF7CCB /* ObjectIdentifierCameraViewController.swift */ = {isa = PBXFileReference; lastKnownFileType = sourcecode.swift; path = ObjectIdentifierCameraViewController.swift; sourceTree = "<group>"; };
		81244AB220311E1E00BF7CCB /* Base */ = {isa = PBXFileReference; lastKnownFileType = file.storyboard; name = Base; path = Base.lproj/Main.storyboard; sourceTree = "<group>"; };
		81244AB420311E1E00BF7CCB /* Assets.xcassets */ = {isa = PBXFileReference; lastKnownFileType = folder.assetcatalog; path = Assets.xcassets; sourceTree = "<group>"; };
		81244AB720311E1E00BF7CCB /* Base */ = {isa = PBXFileReference; lastKnownFileType = file.storyboard; name = Base; path = Base.lproj/LaunchScreen.storyboard; sourceTree = "<group>"; };
		81244AB920311E1E00BF7CCB /* Info.plist */ = {isa = PBXFileReference; lastKnownFileType = text.plist.xml; path = Info.plist; sourceTree = "<group>"; };
		81244ABE20311E1E00BF7CCB /* Visualize and MemorizeTests.xctest */ = {isa = PBXFileReference; explicitFileType = wrapper.cfbundle; includeInIndex = 0; path = "Visualize and MemorizeTests.xctest"; sourceTree = BUILT_PRODUCTS_DIR; };
		81244AC220311E1E00BF7CCB /* Visualize_and_MemorizeTests.swift */ = {isa = PBXFileReference; lastKnownFileType = sourcecode.swift; path = Visualize_and_MemorizeTests.swift; sourceTree = "<group>"; };
		81244AC420311E1E00BF7CCB /* Info.plist */ = {isa = PBXFileReference; lastKnownFileType = text.plist.xml; path = Info.plist; sourceTree = "<group>"; };
		81244AC920311E1E00BF7CCB /* Visualize and MemorizeUITests.xctest */ = {isa = PBXFileReference; explicitFileType = wrapper.cfbundle; includeInIndex = 0; path = "Visualize and MemorizeUITests.xctest"; sourceTree = BUILT_PRODUCTS_DIR; };
		81244ACD20311E1E00BF7CCB /* Visualize_and_MemorizeUITests.swift */ = {isa = PBXFileReference; lastKnownFileType = sourcecode.swift; path = Visualize_and_MemorizeUITests.swift; sourceTree = "<group>"; };
		81244ACF20311E1E00BF7CCB /* Info.plist */ = {isa = PBXFileReference; lastKnownFileType = text.plist.xml; path = Info.plist; sourceTree = "<group>"; };
		81244ADC2031263F00BF7CCB /* Resnet50.mlmodel */ = {isa = PBXFileReference; lastKnownFileType = file.mlmodel; path = Resnet50.mlmodel; sourceTree = "<group>"; };
		8126A8A020424B6B0090378C /* RoundButton.swift */ = {isa = PBXFileReference; lastKnownFileType = sourcecode.swift; path = RoundButton.swift; sourceTree = "<group>"; };
		8126A8A22042761F0090378C /* HomeTableViewController.swift */ = {isa = PBXFileReference; lastKnownFileType = sourcecode.swift; path = HomeTableViewController.swift; sourceTree = "<group>"; };
		8126A8A420427A9E0090378C /* HomeTableViewCell.swift */ = {isa = PBXFileReference; lastKnownFileType = sourcecode.swift; path = HomeTableViewCell.swift; sourceTree = "<group>"; };
/* End PBXFileReference section */

/* Begin PBXFrameworksBuildPhase section */
		81244AA720311E1E00BF7CCB /* Frameworks */ = {
			isa = PBXFrameworksBuildPhase;
			buildActionMask = 2147483647;
			files = (
			);
			runOnlyForDeploymentPostprocessing = 0;
		};
		81244ABB20311E1E00BF7CCB /* Frameworks */ = {
			isa = PBXFrameworksBuildPhase;
			buildActionMask = 2147483647;
			files = (
			);
			runOnlyForDeploymentPostprocessing = 0;
		};
		81244AC620311E1E00BF7CCB /* Frameworks */ = {
			isa = PBXFrameworksBuildPhase;
			buildActionMask = 2147483647;
			files = (
			);
			runOnlyForDeploymentPostprocessing = 0;
		};
/* End PBXFrameworksBuildPhase section */

/* Begin PBXGroup section */
		81244AA120311E1E00BF7CCB = {
			isa = PBXGroup;
			children = (
				81244AAC20311E1E00BF7CCB /* Visualize and Memorize */,
				81244AC120311E1E00BF7CCB /* Visualize and MemorizeTests */,
				81244ACC20311E1E00BF7CCB /* Visualize and MemorizeUITests */,
				81244AAB20311E1E00BF7CCB /* Products */,
			);
			sourceTree = "<group>";
		};
		81244AAB20311E1E00BF7CCB /* Products */ = {
			isa = PBXGroup;
			children = (
				81244AAA20311E1E00BF7CCB /* Visualize and Memorize.app */,
				81244ABE20311E1E00BF7CCB /* Visualize and MemorizeTests.xctest */,
				81244AC920311E1E00BF7CCB /* Visualize and MemorizeUITests.xctest */,
			);
			name = Products;
			sourceTree = "<group>";
		};
		81244AAC20311E1E00BF7CCB /* Visualize and Memorize */ = {
			isa = PBXGroup;
			children = (
				81244ADB2031263F00BF7CCB /* Resources */,
				81244AB920311E1E00BF7CCB /* Info.plist */,
				81244AAD20311E1E00BF7CCB /* AppDelegate.swift */,
				81244AAF20311E1E00BF7CCB /* ObjectIdentifierCameraViewController.swift */,
				81244AB120311E1E00BF7CCB /* Main.storyboard */,
				81244AB420311E1E00BF7CCB /* Assets.xcassets */,
				81244AB620311E1E00BF7CCB /* LaunchScreen.storyboard */,
				8126A8A020424B6B0090378C /* RoundButton.swift */,
				8126A8A22042761F0090378C /* HomeTableViewController.swift */,
				8126A8A420427A9E0090378C /* HomeTableViewCell.swift */,
			);
			path = "Visualize and Memorize";
			sourceTree = "<group>";
		};
		81244AC120311E1E00BF7CCB /* Visualize and MemorizeTests */ = {
			isa = PBXGroup;
			children = (
				81244AC220311E1E00BF7CCB /* Visualize_and_MemorizeTests.swift */,
				81244AC420311E1E00BF7CCB /* Info.plist */,
			);
			path = "Visualize and MemorizeTests";
			sourceTree = "<group>";
		};
		81244ACC20311E1E00BF7CCB /* Visualize and MemorizeUITests */ = {
			isa = PBXGroup;
			children = (
				81244ACD20311E1E00BF7CCB /* Visualize_and_MemorizeUITests.swift */,
				81244ACF20311E1E00BF7CCB /* Info.plist */,
			);
			path = "Visualize and MemorizeUITests";
			sourceTree = "<group>";
		};
		81244ADB2031263F00BF7CCB /* Resources */ = {
			isa = PBXGroup;
			children = (
				81244ADC2031263F00BF7CCB /* Resnet50.mlmodel */,
			);
			path = Resources;
			sourceTree = "<group>";
		};
/* End PBXGroup section */

/* Begin PBXNativeTarget section */
		81244AA920311E1E00BF7CCB /* Visualize and Memorize */ = {
			isa = PBXNativeTarget;
			buildConfigurationList = 81244AD220311E1E00BF7CCB /* Build configuration list for PBXNativeTarget "Visualize and Memorize" */;
			buildPhases = (
				81244AA620311E1E00BF7CCB /* Sources */,
				81244AA720311E1E00BF7CCB /* Frameworks */,
				81244AA820311E1E00BF7CCB /* Resources */,
			);
			buildRules = (
			);
			dependencies = (
			);
			name = "Visualize and Memorize";
			productName = "Visualize and Memorize";
			productReference = 81244AAA20311E1E00BF7CCB /* Visualize and Memorize.app */;
			productType = "com.apple.product-type.application";
		};
		81244ABD20311E1E00BF7CCB /* Visualize and MemorizeTests */ = {
			isa = PBXNativeTarget;
			buildConfigurationList = 81244AD520311E1E00BF7CCB /* Build configuration list for PBXNativeTarget "Visualize and MemorizeTests" */;
			buildPhases = (
				81244ABA20311E1E00BF7CCB /* Sources */,
				81244ABB20311E1E00BF7CCB /* Frameworks */,
				81244ABC20311E1E00BF7CCB /* Resources */,
			);
			buildRules = (
			);
			dependencies = (
				81244AC020311E1E00BF7CCB /* PBXTargetDependency */,
			);
			name = "Visualize and MemorizeTests";
			productName = "Visualize and MemorizeTests";
			productReference = 81244ABE20311E1E00BF7CCB /* Visualize and MemorizeTests.xctest */;
			productType = "com.apple.product-type.bundle.unit-test";
		};
		81244AC820311E1E00BF7CCB /* Visualize and MemorizeUITests */ = {
			isa = PBXNativeTarget;
			buildConfigurationList = 81244AD820311E1E00BF7CCB /* Build configuration list for PBXNativeTarget "Visualize and MemorizeUITests" */;
			buildPhases = (
				81244AC520311E1E00BF7CCB /* Sources */,
				81244AC620311E1E00BF7CCB /* Frameworks */,
				81244AC720311E1E00BF7CCB /* Resources */,
			);
			buildRules = (
			);
			dependencies = (
				81244ACB20311E1E00BF7CCB /* PBXTargetDependency */,
			);
			name = "Visualize and MemorizeUITests";
			productName = "Visualize and MemorizeUITests";
			productReference = 81244AC920311E1E00BF7CCB /* Visualize and MemorizeUITests.xctest */;
			productType = "com.apple.product-type.bundle.ui-testing";
		};
/* End PBXNativeTarget section */

/* Begin PBXProject section */
		81244AA220311E1E00BF7CCB /* Project object */ = {
			isa = PBXProject;
			attributes = {
				LastSwiftUpdateCheck = 0920;
				LastUpgradeCheck = 0920;
				ORGANIZATIONNAME = "Richard Zhang";
				TargetAttributes = {
					81244AA920311E1E00BF7CCB = {
						CreatedOnToolsVersion = 9.2;
						ProvisioningStyle = Automatic;
					};
					81244ABD20311E1E00BF7CCB = {
						CreatedOnToolsVersion = 9.2;
						ProvisioningStyle = Automatic;
						TestTargetID = 81244AA920311E1E00BF7CCB;
					};
					81244AC820311E1E00BF7CCB = {
						CreatedOnToolsVersion = 9.2;
						ProvisioningStyle = Automatic;
						TestTargetID = 81244AA920311E1E00BF7CCB;
					};
				};
			};
			buildConfigurationList = 81244AA520311E1E00BF7CCB /* Build configuration list for PBXProject "Visualize and Memorize" */;
			compatibilityVersion = "Xcode 8.0";
			developmentRegion = en;
			hasScannedForEncodings = 0;
			knownRegions = (
				en,
				Base,
			);
			mainGroup = 81244AA120311E1E00BF7CCB;
			productRefGroup = 81244AAB20311E1E00BF7CCB /* Products */;
			projectDirPath = "";
			projectRoot = "";
			targets = (
				81244AA920311E1E00BF7CCB /* Visualize and Memorize */,
				81244ABD20311E1E00BF7CCB /* Visualize and MemorizeTests */,
				81244AC820311E1E00BF7CCB /* Visualize and MemorizeUITests */,
			);
		};
/* End PBXProject section */

/* Begin PBXResourcesBuildPhase section */
		81244AA820311E1E00BF7CCB /* Resources */ = {
			isa = PBXResourcesBuildPhase;
			buildActionMask = 2147483647;
			files = (
				81244AB820311E1E00BF7CCB /* LaunchScreen.storyboard in Resources */,
				81244AB520311E1E00BF7CCB /* Assets.xcassets in Resources */,
				81244AB320311E1E00BF7CCB /* Main.storyboard in Resources */,
			);
			runOnlyForDeploymentPostprocessing = 0;
		};
		81244ABC20311E1E00BF7CCB /* Resources */ = {
			isa = PBXResourcesBuildPhase;
			buildActionMask = 2147483647;
			files = (
			);
			runOnlyForDeploymentPostprocessing = 0;
		};
		81244AC720311E1E00BF7CCB /* Resources */ = {
			isa = PBXResourcesBuildPhase;
			buildActionMask = 2147483647;
			files = (
			);
			runOnlyForDeploymentPostprocessing = 0;
		};
/* End PBXResourcesBuildPhase section */

/* Begin PBXSourcesBuildPhase section */
		81244AA620311E1E00BF7CCB /* Sources */ = {
			isa = PBXSourcesBuildPhase;
			buildActionMask = 2147483647;
			files = (
				8126A8A520427A9E0090378C /* HomeTableViewCell.swift in Sources */,
				8126A8A120424B6B0090378C /* RoundButton.swift in Sources */,
				81244AB020311E1E00BF7CCB /* ObjectIdentifierCameraViewController.swift in Sources */,
				81244ADD2031263F00BF7CCB /* Resnet50.mlmodel in Sources */,
				81244AAE20311E1E00BF7CCB /* AppDelegate.swift in Sources */,
				8126A8A32042761F0090378C /* HomeTableViewController.swift in Sources */,
			);
			runOnlyForDeploymentPostprocessing = 0;
		};
		81244ABA20311E1E00BF7CCB /* Sources */ = {
			isa = PBXSourcesBuildPhase;
			buildActionMask = 2147483647;
			files = (
				81244AC320311E1E00BF7CCB /* Visualize_and_MemorizeTests.swift in Sources */,
			);
			runOnlyForDeploymentPostprocessing = 0;
		};
		81244AC520311E1E00BF7CCB /* Sources */ = {
			isa = PBXSourcesBuildPhase;
			buildActionMask = 2147483647;
			files = (
				81244ACE20311E1E00BF7CCB /* Visualize_and_MemorizeUITests.swift in Sources */,
			);
			runOnlyForDeploymentPostprocessing = 0;
		};
/* End PBXSourcesBuildPhase section */

/* Begin PBXTargetDependency section */
		81244AC020311E1E00BF7CCB /* PBXTargetDependency */ = {
			isa = PBXTargetDependency;
			target = 81244AA920311E1E00BF7CCB /* Visualize and Memorize */;
			targetProxy = 81244ABF20311E1E00BF7CCB /* PBXContainerItemProxy */;
		};
		81244ACB20311E1E00BF7CCB /* PBXTargetDependency */ = {
			isa = PBXTargetDependency;
			target = 81244AA920311E1E00BF7CCB /* Visualize and Memorize */;
			targetProxy = 81244ACA20311E1E00BF7CCB /* PBXContainerItemProxy */;
		};
/* End PBXTargetDependency section */

/* Begin PBXVariantGroup section */
		81244AB120311E1E00BF7CCB /* Main.storyboard */ = {
			isa = PBXVariantGroup;
			children = (
				81244AB220311E1E00BF7CCB /* Base */,
			);
			name = Main.storyboard;
			sourceTree = "<group>";
		};
		81244AB620311E1E00BF7CCB /* LaunchScreen.storyboard */ = {
			isa = PBXVariantGroup;
			children = (
				81244AB720311E1E00BF7CCB /* Base */,
			);
			name = LaunchScreen.storyboard;
			sourceTree = "<group>";
		};
/* End PBXVariantGroup section */

/* Begin XCBuildConfiguration section */
		81244AD020311E1E00BF7CCB /* Debug */ = {
			isa = XCBuildConfiguration;
			buildSettings = {
				ALWAYS_SEARCH_USER_PATHS = NO;
				CLANG_ANALYZER_NONNULL = YES;
				CLANG_ANALYZER_NUMBER_OBJECT_CONVERSION = YES_AGGRESSIVE;
				CLANG_CXX_LANGUAGE_STANDARD = "gnu++14";
				CLANG_CXX_LIBRARY = "libc++";
				CLANG_ENABLE_MODULES = YES;
				CLANG_ENABLE_OBJC_ARC = YES;
				CLANG_WARN_BLOCK_CAPTURE_AUTORELEASING = YES;
				CLANG_WARN_BOOL_CONVERSION = YES;
				CLANG_WARN_COMMA = YES;
				CLANG_WARN_CONSTANT_CONVERSION = YES;
				CLANG_WARN_DIRECT_OBJC_ISA_USAGE = YES_ERROR;
				CLANG_WARN_DOCUMENTATION_COMMENTS = YES;
				CLANG_WARN_EMPTY_BODY = YES;
				CLANG_WARN_ENUM_CONVERSION = YES;
				CLANG_WARN_INFINITE_RECURSION = YES;
				CLANG_WARN_INT_CONVERSION = YES;
				CLANG_WARN_NON_LITERAL_NULL_CONVERSION = YES;
				CLANG_WARN_OBJC_LITERAL_CONVERSION = YES;
				CLANG_WARN_OBJC_ROOT_CLASS = YES_ERROR;
				CLANG_WARN_RANGE_LOOP_ANALYSIS = YES;
				CLANG_WARN_STRICT_PROTOTYPES = YES;
				CLANG_WARN_SUSPICIOUS_MOVE = YES;
				CLANG_WARN_UNGUARDED_AVAILABILITY = YES_AGGRESSIVE;
				CLANG_WARN_UNREACHABLE_CODE = YES;
				CLANG_WARN__DUPLICATE_METHOD_MATCH = YES;
				CODE_SIGN_IDENTITY = "iPhone Developer";
				COPY_PHASE_STRIP = NO;
				DEBUG_INFORMATION_FORMAT = dwarf;
				ENABLE_STRICT_OBJC_MSGSEND = YES;
				ENABLE_TESTABILITY = YES;
				GCC_C_LANGUAGE_STANDARD = gnu11;
				GCC_DYNAMIC_NO_PIC = NO;
				GCC_NO_COMMON_BLOCKS = YES;
				GCC_OPTIMIZATION_LEVEL = 0;
				GCC_PREPROCESSOR_DEFINITIONS = (
					"DEBUG=1",
					"$(inherited)",
				);
				GCC_WARN_64_TO_32_BIT_CONVERSION = YES;
				GCC_WARN_ABOUT_RETURN_TYPE = YES_ERROR;
				GCC_WARN_UNDECLARED_SELECTOR = YES;
				GCC_WARN_UNINITIALIZED_AUTOS = YES_AGGRESSIVE;
				GCC_WARN_UNUSED_FUNCTION = YES;
				GCC_WARN_UNUSED_VARIABLE = YES;
				IPHONEOS_DEPLOYMENT_TARGET = 11.2;
				MTL_ENABLE_DEBUG_INFO = YES;
				ONLY_ACTIVE_ARCH = YES;
				SDKROOT = iphoneos;
				SWIFT_ACTIVE_COMPILATION_CONDITIONS = DEBUG;
				SWIFT_OPTIMIZATION_LEVEL = "-Onone";
			};
			name = Debug;
		};
		81244AD120311E1E00BF7CCB /* Release */ = {
			isa = XCBuildConfiguration;
			buildSettings = {
				ALWAYS_SEARCH_USER_PATHS = NO;
				CLANG_ANALYZER_NONNULL = YES;
				CLANG_ANALYZER_NUMBER_OBJECT_CONVERSION = YES_AGGRESSIVE;
				CLANG_CXX_LANGUAGE_STANDARD = "gnu++14";
				CLANG_CXX_LIBRARY = "libc++";
				CLANG_ENABLE_MODULES = YES;
				CLANG_ENABLE_OBJC_ARC = YES;
				CLANG_WARN_BLOCK_CAPTURE_AUTORELEASING = YES;
				CLANG_WARN_BOOL_CONVERSION = YES;
				CLANG_WARN_COMMA = YES;
				CLANG_WARN_CONSTANT_CONVERSION = YES;
				CLANG_WARN_DIRECT_OBJC_ISA_USAGE = YES_ERROR;
				CLANG_WARN_DOCUMENTATION_COMMENTS = YES;
				CLANG_WARN_EMPTY_BODY = YES;
				CLANG_WARN_ENUM_CONVERSION = YES;
				CLANG_WARN_INFINITE_RECURSION = YES;
				CLANG_WARN_INT_CONVERSION = YES;
				CLANG_WARN_NON_LITERAL_NULL_CONVERSION = YES;
				CLANG_WARN_OBJC_LITERAL_CONVERSION = YES;
				CLANG_WARN_OBJC_ROOT_CLASS = YES_ERROR;
				CLANG_WARN_RANGE_LOOP_ANALYSIS = YES;
				CLANG_WARN_STRICT_PROTOTYPES = YES;
				CLANG_WARN_SUSPICIOUS_MOVE = YES;
				CLANG_WARN_UNGUARDED_AVAILABILITY = YES_AGGRESSIVE;
				CLANG_WARN_UNREACHABLE_CODE = YES;
				CLANG_WARN__DUPLICATE_METHOD_MATCH = YES;
				CODE_SIGN_IDENTITY = "iPhone Developer";
				COPY_PHASE_STRIP = NO;
				DEBUG_INFORMATION_FORMAT = "dwarf-with-dsym";
				ENABLE_NS_ASSERTIONS = NO;
				ENABLE_STRICT_OBJC_MSGSEND = YES;
				GCC_C_LANGUAGE_STANDARD = gnu11;
				GCC_NO_COMMON_BLOCKS = YES;
				GCC_WARN_64_TO_32_BIT_CONVERSION = YES;
				GCC_WARN_ABOUT_RETURN_TYPE = YES_ERROR;
				GCC_WARN_UNDECLARED_SELECTOR = YES;
				GCC_WARN_UNINITIALIZED_AUTOS = YES_AGGRESSIVE;
				GCC_WARN_UNUSED_FUNCTION = YES;
				GCC_WARN_UNUSED_VARIABLE = YES;
				IPHONEOS_DEPLOYMENT_TARGET = 11.2;
				MTL_ENABLE_DEBUG_INFO = NO;
				SDKROOT = iphoneos;
				SWIFT_OPTIMIZATION_LEVEL = "-Owholemodule";
				VALIDATE_PRODUCT = YES;
			};
			name = Release;
		};
		81244AD320311E1E00BF7CCB /* Debug */ = {
			isa = XCBuildConfiguration;
			buildSettings = {
				ASSETCATALOG_COMPILER_APPICON_NAME = AppIcon;
				CODE_SIGN_STYLE = Automatic;
				DEVELOPMENT_TEAM = 34CAD6MUNY;
				INFOPLIST_FILE = "Visualize and Memorize/Info.plist";
				IPHONEOS_DEPLOYMENT_TARGET = 11.0;
				LD_RUNPATH_SEARCH_PATHS = "$(inherited) @executable_path/Frameworks";
				PRODUCT_BUNDLE_IDENTIFIER = "com.richardzhang.Visualize-and-Memorize";
				PRODUCT_NAME = "$(TARGET_NAME)";
				SWIFT_VERSION = 4.0;
				TARGETED_DEVICE_FAMILY = "1,2";
			};
			name = Debug;
		};
		81244AD420311E1E00BF7CCB /* Release */ = {
			isa = XCBuildConfiguration;
			buildSettings = {
				ASSETCATALOG_COMPILER_APPICON_NAME = AppIcon;
				CODE_SIGN_STYLE = Automatic;
				DEVELOPMENT_TEAM = 34CAD6MUNY;
				INFOPLIST_FILE = "Visualize and Memorize/Info.plist";
				IPHONEOS_DEPLOYMENT_TARGET = 11.0;
				LD_RUNPATH_SEARCH_PATHS = "$(inherited) @executable_path/Frameworks";
				PRODUCT_BUNDLE_IDENTIFIER = "com.richardzhang.Visualize-and-Memorize";
				PRODUCT_NAME = "$(TARGET_NAME)";
				SWIFT_VERSION = 4.0;
				TARGETED_DEVICE_FAMILY = "1,2";
			};
			name = Release;
		};
		81244AD620311E1E00BF7CCB /* Debug */ = {
			isa = XCBuildConfiguration;
			buildSettings = {
				ALWAYS_EMBED_SWIFT_STANDARD_LIBRARIES = YES;
				BUNDLE_LOADER = "$(TEST_HOST)";
				CODE_SIGN_STYLE = Automatic;
				DEVELOPMENT_TEAM = 34CAD6MUNY;
				INFOPLIST_FILE = "Visualize and MemorizeTests/Info.plist";
				LD_RUNPATH_SEARCH_PATHS = "$(inherited) @executable_path/Frameworks @loader_path/Frameworks";
				PRODUCT_BUNDLE_IDENTIFIER = "com.richardzhang.Visualize-and-MemorizeTests";
				PRODUCT_NAME = "$(TARGET_NAME)";
				SWIFT_VERSION = 4.0;
				TARGETED_DEVICE_FAMILY = "1,2";
				TEST_HOST = "$(BUILT_PRODUCTS_DIR)/Visualize and Memorize.app/Visualize and Memorize";
			};
			name = Debug;
		};
		81244AD720311E1E00BF7CCB /* Release */ = {
			isa = XCBuildConfiguration;
			buildSettings = {
				ALWAYS_EMBED_SWIFT_STANDARD_LIBRARIES = YES;
				BUNDLE_LOADER = "$(TEST_HOST)";
				CODE_SIGN_STYLE = Automatic;
				DEVELOPMENT_TEAM = 34CAD6MUNY;
				INFOPLIST_FILE = "Visualize and MemorizeTests/Info.plist";
				LD_RUNPATH_SEARCH_PATHS = "$(inherited) @executable_path/Frameworks @loader_path/Frameworks";
				PRODUCT_BUNDLE_IDENTIFIER = "com.richardzhang.Visualize-and-MemorizeTests";
				PRODUCT_NAME = "$(TARGET_NAME)";
				SWIFT_VERSION = 4.0;
				TARGETED_DEVICE_FAMILY = "1,2";
				TEST_HOST = "$(BUILT_PRODUCTS_DIR)/Visualize and Memorize.app/Visualize and Memorize";
			};
			name = Release;
		};
		81244AD920311E1E00BF7CCB /* Debug */ = {
			isa = XCBuildConfiguration;
			buildSettings = {
				ALWAYS_EMBED_SWIFT_STANDARD_LIBRARIES = YES;
				CODE_SIGN_STYLE = Automatic;
				DEVELOPMENT_TEAM = 34CAD6MUNY;
				INFOPLIST_FILE = "Visualize and MemorizeUITests/Info.plist";
				LD_RUNPATH_SEARCH_PATHS = "$(inherited) @executable_path/Frameworks @loader_path/Frameworks";
				PRODUCT_BUNDLE_IDENTIFIER = "com.richardzhang.Visualize-and-MemorizeUITests";
				PRODUCT_NAME = "$(TARGET_NAME)";
				SWIFT_VERSION = 4.0;
				TARGETED_DEVICE_FAMILY = "1,2";
				TEST_TARGET_NAME = "Visualize and Memorize";
			};
			name = Debug;
		};
		81244ADA20311E1E00BF7CCB /* Release */ = {
			isa = XCBuildConfiguration;
			buildSettings = {
				ALWAYS_EMBED_SWIFT_STANDARD_LIBRARIES = YES;
				CODE_SIGN_STYLE = Automatic;
				DEVELOPMENT_TEAM = 34CAD6MUNY;
				INFOPLIST_FILE = "Visualize and MemorizeUITests/Info.plist";
				LD_RUNPATH_SEARCH_PATHS = "$(inherited) @executable_path/Frameworks @loader_path/Frameworks";
				PRODUCT_BUNDLE_IDENTIFIER = "com.richardzhang.Visualize-and-MemorizeUITests";
				PRODUCT_NAME = "$(TARGET_NAME)";
				SWIFT_VERSION = 4.0;
				TARGETED_DEVICE_FAMILY = "1,2";
				TEST_TARGET_NAME = "Visualize and Memorize";
			};
			name = Release;
		};
/* End XCBuildConfiguration section */

/* Begin XCConfigurationList section */
		81244AA520311E1E00BF7CCB /* Build configuration list for PBXProject "Visualize and Memorize" */ = {
			isa = XCConfigurationList;
			buildConfigurations = (
				81244AD020311E1E00BF7CCB /* Debug */,
				81244AD120311E1E00BF7CCB /* Release */,
			);
			defaultConfigurationIsVisible = 0;
			defaultConfigurationName = Release;
		};
		81244AD220311E1E00BF7CCB /* Build configuration list for PBXNativeTarget "Visualize and Memorize" */ = {
			isa = XCConfigurationList;
			buildConfigurations = (
				81244AD320311E1E00BF7CCB /* Debug */,
				81244AD420311E1E00BF7CCB /* Release */,
			);
			defaultConfigurationIsVisible = 0;
			defaultConfigurationName = Release;
		};
		81244AD520311E1E00BF7CCB /* Build configuration list for PBXNativeTarget "Visualize and MemorizeTests" */ = {
			isa = XCConfigurationList;
			buildConfigurations = (
				81244AD620311E1E00BF7CCB /* Debug */,
				81244AD720311E1E00BF7CCB /* Release */,
			);
			defaultConfigurationIsVisible = 0;
			defaultConfigurationName = Release;
		};
		81244AD820311E1E00BF7CCB /* Build configuration list for PBXNativeTarget "Visualize and MemorizeUITests" */ = {
			isa = XCConfigurationList;
			buildConfigurations = (
				81244AD920311E1E00BF7CCB /* Debug */,
				81244ADA20311E1E00BF7CCB /* Release */,
			);
			defaultConfigurationIsVisible = 0;
			defaultConfigurationName = Release;
		};
/* End XCConfigurationList section */
	};
	rootObject = 81244AA220311E1E00BF7CCB /* Project object */;
}
